
Microsoft Visual Studio Solution File, Format Version 12.00
# Visual Studio Version 16
VisualStudioVersion = 16.0.31515.178
MinimumVisualStudioVersion = 10.0.40219.1
Project("{9A19103F-16F7-4668-BE54-9A1E7A4F7556}") = "LibraryWeb", "LibraryWeb\LibraryWeb.csproj", "{0C9B76A5-F6B5-4F78-9D6E-069CFC6F94C4}"
EndProject
Project("{FAE04EC0-301F-11D3-BF4B-00C04F79EFBC}") = "LibraryWeb.Tests", "LibraryWeb.Tests\LibraryWeb.Tests.csproj", "{6F6314C3-A5AA-487D-A42F-9B976C222012}"
EndProject
Global
	GlobalSection(SolutionConfigurationPlatforms) = preSolution
		Debug|Any CPU = Debug|Any CPU
		Release|Any CPU = Release|Any CPU
	EndGlobalSection
	GlobalSection(ProjectConfigurationPlatforms) = postSolution
		{0C9B76A5-F6B5-4F78-9D6E-069CFC6F94C4}.Debug|Any CPU.ActiveCfg = Debug|Any CPU
		{0C9B76A5-F6B5-4F78-9D6E-069CFC6F94C4}.Debug|Any CPU.Build.0 = Debug|Any CPU
		{0C9B76A5-F6B5-4F78-9D6E-069CFC6F94C4}.Release|Any CPU.ActiveCfg = Release|Any CPU
		{0C9B76A5-F6B5-4F78-9D6E-069CFC6F94C4}.Release|Any CPU.Build.0 = Release|Any CPU
		{6F6314C3-A5AA-487D-A42F-9B976C222012}.Debug|Any CPU.ActiveCfg = Debug|Any CPU
		{6F6314C3-A5AA-487D-A42F-9B976C222012}.Debug|Any CPU.Build.0 = Debug|Any CPU
		{6F6314C3-A5AA-487D-A42F-9B976C222012}.Release|Any CPU.ActiveCfg = Release|Any CPU
		{6F6314C3-A5AA-487D-A42F-9B976C222012}.Release|Any CPU.Build.0 = Release|Any CPU
	EndGlobalSection
	GlobalSection(SolutionProperties) = preSolution
		HideSolutionNode = FALSE
	EndGlobalSection
	GlobalSection(ExtensibilityGlobals) = postSolution
		SolutionGuid = {043CA613-A624-41C9-BE5A-8E026E595DFE}
	EndGlobalSection
EndGlobal
